
Microsoft Visual Studio Solution File, Format Version 12.00
# Visual Studio Version 17
VisualStudioVersion = 17.1.32228.430
MinimumVisualStudioVersion = 10.0.40219.1
Project("{FAE04EC0-301F-11D3-BF4B-00C04F79EFBC}") = "Uc2EnterValidLastName", "Uc2EnterValidLastName\Uc2EnterValidLastName.csproj", "{DD1DF796-37F9-4C7D-ABF2-6ADECF7BDE9C}"
EndProject
Global
	GlobalSection(SolutionConfigurationPlatforms) = preSolution
		Debug|Any CPU = Debug|Any CPU
		Release|Any CPU = Release|Any CPU
	EndGlobalSection
	GlobalSection(ProjectConfigurationPlatforms) = postSolution
		{DD1DF796-37F9-4C7D-ABF2-6ADECF7BDE9C}.Debug|Any CPU.ActiveCfg = Debug|Any CPU
		{DD1DF796-37F9-4C7D-ABF2-6ADECF7BDE9C}.Debug|Any CPU.Build.0 = Debug|Any CPU
		{DD1DF796-37F9-4C7D-ABF2-6ADECF7BDE9C}.Release|Any CPU.ActiveCfg = Release|Any CPU
		{DD1DF796-37F9-4C7D-ABF2-6ADECF7BDE9C}.Release|Any CPU.Build.0 = Release|Any CPU
	EndGlobalSection
	GlobalSection(SolutionProperties) = preSolution
		HideSolutionNode = FALSE
	EndGlobalSection
	GlobalSection(ExtensibilityGlobals) = postSolution
		SolutionGuid = {53F314BE-2346-44C8-811F-03137ABBB5AB}
	EndGlobalSection
EndGlobal
